
Microsoft Visual Studio Solution File, Format Version 12.00
# Visual Studio Version 16
VisualStudioVersion = 16.0.29613.14
MinimumVisualStudioVersion = 10.0.40219.1
Project("{FAE04EC0-301F-11D3-BF4B-00C04F79EFBC}") = "VkMessenger", "VkMessenger\VkMessenger.csproj", "{F24CCF69-BE92-4F3A-AB26-CC1709A5AF1C}"
EndProject
Project("{2150E333-8FDC-42A3-9474-1A3956D46DE8}") = "VkMessenger", "VkMessenger", "{AF28CC88-C1E0-46A0-B781-00FFEAF809D6}"
EndProject
Project("{2150E333-8FDC-42A3-9474-1A3956D46DE8}") = "Venz", "Venz", "{709E6735-BBD5-4D54-B517-A39ED298F6AB}"
EndProject
Project("{FAE04EC0-301F-11D3-BF4B-00C04F79EFBC}") = "Venz.Core", "..\Venz\Venz.Core\Venz.Core.csproj", "{13BD17B3-DACF-4D01-9100-754B307EAEF5}"
EndProject
Project("{FAE04EC0-301F-11D3-BF4B-00C04F79EFBC}") = "Venz.Extensions", "..\Venz\Venz.Extensions\Venz.Extensions.csproj", "{04BB7D9D-6F87-4B6D-B1BC-B9FCE6C10CE6}"
EndProject
Global
	GlobalSection(SolutionConfigurationPlatforms) = preSolution
		Debug|Any CPU = Debug|Any CPU
		Debug|ARM = Debug|ARM
		Debug|ARM64 = Debug|ARM64
		Debug|x64 = Debug|x64
		Debug|x86 = Debug|x86
		Release|Any CPU = Release|Any CPU
		Release|ARM = Release|ARM
		Release|ARM64 = Release|ARM64
		Release|x64 = Release|x64
		Release|x86 = Release|x86
	EndGlobalSection
	GlobalSection(ProjectConfigurationPlatforms) = postSolution
		{F24CCF69-BE92-4F3A-AB26-CC1709A5AF1C}.Debug|Any CPU.ActiveCfg = Debug|x86
		{F24CCF69-BE92-4F3A-AB26-CC1709A5AF1C}.Debug|ARM.ActiveCfg = Debug|ARM
		{F24CCF69-BE92-4F3A-AB26-CC1709A5AF1C}.Debug|ARM.Build.0 = Debug|ARM
		{F24CCF69-BE92-4F3A-AB26-CC1709A5AF1C}.Debug|ARM.Deploy.0 = Debug|ARM
		{F24CCF69-BE92-4F3A-AB26-CC1709A5AF1C}.Debug|ARM64.ActiveCfg = Debug|ARM64
		{F24CCF69-BE92-4F3A-AB26-CC1709A5AF1C}.Debug|ARM64.Build.0 = Debug|ARM64
		{F24CCF69-BE92-4F3A-AB26-CC1709A5AF1C}.Debug|ARM64.Deploy.0 = Debug|ARM64
		{F24CCF69-BE92-4F3A-AB26-CC1709A5AF1C}.Debug|x64.ActiveCfg = Debug|x64
		{F24CCF69-BE92-4F3A-AB26-CC1709A5AF1C}.Debug|x64.Build.0 = Debug|x64
		{F24CCF69-BE92-4F3A-AB26-CC1709A5AF1C}.Debug|x64.Deploy.0 = Debug|x64
		{F24CCF69-BE92-4F3A-AB26-CC1709A5AF1C}.Debug|x86.ActiveCfg = Debug|x86
		{F24CCF69-BE92-4F3A-AB26-CC1709A5AF1C}.Debug|x86.Build.0 = Debug|x86
		{F24CCF69-BE92-4F3A-AB26-CC1709A5AF1C}.Debug|x86.Deploy.0 = Debug|x86
		{F24CCF69-BE92-4F3A-AB26-CC1709A5AF1C}.Release|Any CPU.ActiveCfg = Release|x86
		{F24CCF69-BE92-4F3A-AB26-CC1709A5AF1C}.Release|ARM.ActiveCfg = Release|ARM
		{F24CCF69-BE92-4F3A-AB26-CC1709A5AF1C}.Release|ARM.Build.0 = Release|ARM
		{F24CCF69-BE92-4F3A-AB26-CC1709A5AF1C}.Release|ARM.Deploy.0 = Release|ARM
		{F24CCF69-BE92-4F3A-AB26-CC1709A5AF1C}.Release|ARM64.ActiveCfg = Release|ARM64
		{F24CCF69-BE92-4F3A-AB26-CC1709A5AF1C}.Release|ARM64.Build.0 = Release|ARM64
		{F24CCF69-BE92-4F3A-AB26-CC1709A5AF1C}.Release|ARM64.Deploy.0 = Release|ARM64
		{F24CCF69-BE92-4F3A-AB26-CC1709A5AF1C}.Release|x64.ActiveCfg = Release|x64
		{F24CCF69-BE92-4F3A-AB26-CC1709A5AF1C}.Release|x64.Build.0 = Release|x64
		{F24CCF69-BE92-4F3A-AB26-CC1709A5AF1C}.Release|x64.Deploy.0 = Release|x64
		{F24CCF69-BE92-4F3A-AB26-CC1709A5AF1C}.Release|x86.ActiveCfg = Release|x86
		{F24CCF69-BE92-4F3A-AB26-CC1709A5AF1C}.Release|x86.Build.0 = Release|x86
		{F24CCF69-BE92-4F3A-AB26-CC1709A5AF1C}.Release|x86.Deploy.0 = Release|x86
		{13BD17B3-DACF-4D01-9100-754B307EAEF5}.Debug|Any CPU.ActiveCfg = Debug|Any CPU
		{13BD17B3-DACF-4D01-9100-754B307EAEF5}.Debug|Any CPU.Build.0 = Debug|Any CPU
		{13BD17B3-DACF-4D01-9100-754B307EAEF5}.Debug|ARM.ActiveCfg = Debug|ARM
		{13BD17B3-DACF-4D01-9100-754B307EAEF5}.Debug|ARM.Build.0 = Debug|ARM
		{13BD17B3-DACF-4D01-9100-754B307EAEF5}.Debug|ARM64.ActiveCfg = Debug|Any CPU
		{13BD17B3-DACF-4D01-9100-754B307EAEF5}.Debug|ARM64.Build.0 = Debug|Any CPU
		{13BD17B3-DACF-4D01-9100-754B307EAEF5}.Debug|x64.ActiveCfg = Debug|x64
		{13BD17B3-DACF-4D01-9100-754B307EAEF5}.Debug|x64.Build.0 = Debug|x64
		{13BD17B3-DACF-4D01-9100-754B307EAEF5}.Debug|x86.ActiveCfg = Debug|x86
		{13BD17B3-DACF-4D01-9100-754B307EAEF5}.Debug|x86.Build.0 = Debug|x86
		{13BD17B3-DACF-4D01-9100-754B307EAEF5}.Release|Any CPU.ActiveCfg = Release|Any CPU
		{13BD17B3-DACF-4D01-9100-754B307EAEF5}.Release|Any CPU.Build.0 = Release|Any CPU
		{13BD17B3-DACF-4D01-9100-754B307EAEF5}.Release|ARM.ActiveCfg = Release|ARM
		{13BD17B3-DACF-4D01-9100-754B307EAEF5}.Release|ARM.Build.0 = Release|ARM
		{13BD17B3-DACF-4D01-9100-754B307EAEF5}.Release|ARM64.ActiveCfg = Release|Any CPU
		{13BD17B3-DACF-4D01-9100-754B307EAEF5}.Release|ARM64.Build.0 = Release|Any CPU
		{13BD17B3-DACF-4D01-9100-754B307EAEF5}.Release|x64.ActiveCfg = Release|x64
		{13BD17B3-DACF-4D01-9100-754B307EAEF5}.Release|x64.Build.0 = Release|x64
		{13BD17B3-DACF-4D01-9100-754B307EAEF5}.Release|x86.ActiveCfg = Release|x86
		{13BD17B3-DACF-4D01-9100-754B307EAEF5}.Release|x86.Build.0 = Release|x86
		{04BB7D9D-6F87-4B6D-B1BC-B9FCE6C10CE6}.Debug|Any CPU.ActiveCfg = Debug|Any CPU
		{04BB7D9D-6F87-4B6D-B1BC-B9FCE6C10CE6}.Debug|Any CPU.Build.0 = Debug|Any CPU
		{04BB7D9D-6F87-4B6D-B1BC-B9FCE6C10CE6}.Debug|ARM.ActiveCfg = Debug|ARM
		{04BB7D9D-6F87-4B6D-B1BC-B9FCE6C10CE6}.Debug|ARM.Build.0 = Debug|ARM
		{04BB7D9D-6F87-4B6D-B1BC-B9FCE6C10CE6}.Debug|ARM64.ActiveCfg = Debug|Any CPU
		{04BB7D9D-6F87-4B6D-B1BC-B9FCE6C10CE6}.Debug|ARM64.Build.0 = Debug|Any CPU
		{04BB7D9D-6F87-4B6D-B1BC-B9FCE6C10CE6}.Debug|x64.ActiveCfg = Debug|x64
		{04BB7D9D-6F87-4B6D-B1BC-B9FCE6C10CE6}.Debug|x64.Build.0 = Debug|x64
		{04BB7D9D-6F87-4B6D-B1BC-B9FCE6C10CE6}.Debug|x86.ActiveCfg = Debug|x86
		{04BB7D9D-6F87-4B6D-B1BC-B9FCE6C10CE6}.Debug|x86.Build.0 = Debug|x86
		{04BB7D9D-6F87-4B6D-B1BC-B9FCE6C10CE6}.Release|Any CPU.ActiveCfg = Release|Any CPU
		{04BB7D9D-6F87-4B6D-B1BC-B9FCE6C10CE6}.Release|Any CPU.Build.0 = Release|Any CPU
		{04BB7D9D-6F87-4B6D-B1BC-B9FCE6C10CE6}.Release|ARM.ActiveCfg = Release|ARM
		{04BB7D9D-6F87-4B6D-B1BC-B9FCE6C10CE6}.Release|ARM.Build.0 = Release|ARM
		{04BB7D9D-6F87-4B6D-B1BC-B9FCE6C10CE6}.Release|ARM64.ActiveCfg = Release|Any CPU
		{04BB7D9D-6F87-4B6D-B1BC-B9FCE6C10CE6}.Release|ARM64.Build.0 = Release|Any CPU
		{04BB7D9D-6F87-4B6D-B1BC-B9FCE6C10CE6}.Release|x64.ActiveCfg = Release|x64
		{04BB7D9D-6F87-4B6D-B1BC-B9FCE6C10CE6}.Release|x64.Build.0 = Release|x64
		{04BB7D9D-6F87-4B6D-B1BC-B9FCE6C10CE6}.Release|x86.ActiveCfg = Release|x86
		{04BB7D9D-6F87-4B6D-B1BC-B9FCE6C10CE6}.Release|x86.Build.0 = Release|x86
	EndGlobalSection
	GlobalSection(SolutionProperties) = preSolution
		HideSolutionNode = FALSE
	EndGlobalSection
	GlobalSection(NestedProjects) = preSolution
		{F24CCF69-BE92-4F3A-AB26-CC1709A5AF1C} = {AF28CC88-C1E0-46A0-B781-00FFEAF809D6}
		{13BD17B3-DACF-4D01-9100-754B307EAEF5} = {709E6735-BBD5-4D54-B517-A39ED298F6AB}
		{04BB7D9D-6F87-4B6D-B1BC-B9FCE6C10CE6} = {709E6735-BBD5-4D54-B517-A39ED298F6AB}
	EndGlobalSection
	GlobalSection(ExtensibilityGlobals) = postSolution
		SolutionGuid = {8193C677-F6B4-4FE5-BEBE-0954FAA46792}
	EndGlobalSection
EndGlobal
